// !$*UTF8*$!
{
	archiveVersion = 1;
	classes = {
	};
	objectVersion = 46;
	objects = {

/* Begin PBXBuildFile section */
		5C6713121A48E2F000C409F2 /* AppDelegate.swift in Sources */ = {isa = PBXBuildFile; fileRef = 5C6713111A48E2F000C409F2 /* AppDelegate.swift */; };
		5C6713141A48E2F000C409F2 /* ViewController.swift in Sources */ = {isa = PBXBuildFile; fileRef = 5C6713131A48E2F000C409F2 /* ViewController.swift */; };
		5C6713171A48E2F000C409F2 /* Main.storyboard in Resources */ = {isa = PBXBuildFile; fileRef = 5C6713151A48E2F000C409F2 /* Main.storyboard */; };
		5C6713191A48E2F000C409F2 /* Images.xcassets in Resources */ = {isa = PBXBuildFile; fileRef = 5C6713181A48E2F000C409F2 /* Images.xcassets */; };
		5C67131C1A48E2F000C409F2 /* LaunchScreen.xib in Resources */ = {isa = PBXBuildFile; fileRef = 5C67131A1A48E2F000C409F2 /* LaunchScreen.xib */; };
		5C6713281A48E2F000C409F2 /* ConektaExampleTests.swift in Sources */ = {isa = PBXBuildFile; fileRef = 5C6713271A48E2F000C409F2 /* ConektaExampleTests.swift */; };
		5C6713321A48E34600C409F2 /* Card.swift in Sources */ = {isa = PBXBuildFile; fileRef = 5C6713311A48E34600C409F2 /* Card.swift */; };
		5C6713341A48E35100C409F2 /* Conekta.swift in Sources */ = {isa = PBXBuildFile; fileRef = 5C6713331A48E35100C409F2 /* Conekta.swift */; };
		5C6713361A48E35600C409F2 /* Connection.swift in Sources */ = {isa = PBXBuildFile; fileRef = 5C6713351A48E35600C409F2 /* Connection.swift */; };
		5C6713381A49201600C409F2 /* Token.swift in Sources */ = {isa = PBXBuildFile; fileRef = 5C6713371A49201600C409F2 /* Token.swift */; };
/* End PBXBuildFile section */

/* Begin PBXContainerItemProxy section */
		5C6713221A48E2F000C409F2 /* PBXContainerItemProxy */ = {
			isa = PBXContainerItemProxy;
			containerPortal = 5C6713041A48E2F000C409F2 /* Project object */;
			proxyType = 1;
			remoteGlobalIDString = 5C67130B1A48E2F000C409F2;
			remoteInfo = ConektaExample;
		};
/* End PBXContainerItemProxy section */

/* Begin PBXFileReference section */
		5C67130C1A48E2F000C409F2 /* ConektaExample.app */ = {isa = PBXFileReference; explicitFileType = wrapper.application; includeInIndex = 0; path = ConektaExample.app; sourceTree = BUILT_PRODUCTS_DIR; };
		5C6713101A48E2F000C409F2 /* Info.plist */ = {isa = PBXFileReference; lastKnownFileType = text.plist.xml; path = Info.plist; sourceTree = "<group>"; };
		5C6713111A48E2F000C409F2 /* AppDelegate.swift */ = {isa = PBXFileReference; lastKnownFileType = sourcecode.swift; path = AppDelegate.swift; sourceTree = "<group>"; };
		5C6713131A48E2F000C409F2 /* ViewController.swift */ = {isa = PBXFileReference; lastKnownFileType = sourcecode.swift; path = ViewController.swift; sourceTree = "<group>"; };
		5C6713161A48E2F000C409F2 /* Base */ = {isa = PBXFileReference; lastKnownFileType = file.storyboard; name = Base; path = Base.lproj/Main.storyboard; sourceTree = "<group>"; };
		5C6713181A48E2F000C409F2 /* Images.xcassets */ = {isa = PBXFileReference; lastKnownFileType = folder.assetcatalog; path = Images.xcassets; sourceTree = "<group>"; };
		5C67131B1A48E2F000C409F2 /* Base */ = {isa = PBXFileReference; lastKnownFileType = file.xib; name = Base; path = Base.lproj/LaunchScreen.xib; sourceTree = "<group>"; };
		5C6713211A48E2F000C409F2 /* ConektaExampleTests.xctest */ = {isa = PBXFileReference; explicitFileType = wrapper.cfbundle; includeInIndex = 0; path = ConektaExampleTests.xctest; sourceTree = BUILT_PRODUCTS_DIR; };
		5C6713261A48E2F000C409F2 /* Info.plist */ = {isa = PBXFileReference; lastKnownFileType = text.plist.xml; path = Info.plist; sourceTree = "<group>"; };
		5C6713271A48E2F000C409F2 /* ConektaExampleTests.swift */ = {isa = PBXFileReference; lastKnownFileType = sourcecode.swift; path = ConektaExampleTests.swift; sourceTree = "<group>"; };
		5C6713311A48E34600C409F2 /* Card.swift */ = {isa = PBXFileReference; fileEncoding = 4; lastKnownFileType = sourcecode.swift; name = Card.swift; path = ../Card.swift; sourceTree = "<group>"; };
		5C6713331A48E35100C409F2 /* Conekta.swift */ = {isa = PBXFileReference; fileEncoding = 4; lastKnownFileType = sourcecode.swift; name = Conekta.swift; path = ../Conekta.swift; sourceTree = "<group>"; };
		5C6713351A48E35600C409F2 /* Connection.swift */ = {isa = PBXFileReference; fileEncoding = 4; lastKnownFileType = sourcecode.swift; name = Connection.swift; path = ../Connection.swift; sourceTree = "<group>"; };
		5C6713371A49201600C409F2 /* Token.swift */ = {isa = PBXFileReference; fileEncoding = 4; lastKnownFileType = sourcecode.swift; name = Token.swift; path = ../Token.swift; sourceTree = "<group>"; };
/* End PBXFileReference section */

/* Begin PBXFrameworksBuildPhase section */
		5C6713091A48E2F000C409F2 /* Frameworks */ = {
			isa = PBXFrameworksBuildPhase;
			buildActionMask = 2147483647;
			files = (
			);
			runOnlyForDeploymentPostprocessing = 0;
		};
		5C67131E1A48E2F000C409F2 /* Frameworks */ = {
			isa = PBXFrameworksBuildPhase;
			buildActionMask = 2147483647;
			files = (
			);
			runOnlyForDeploymentPostprocessing = 0;
		};
/* End PBXFrameworksBuildPhase section */

/* Begin PBXGroup section */
		5C6713031A48E2F000C409F2 = {
			isa = PBXGroup;
			children = (
				5C6713371A49201600C409F2 /* Token.swift */,
				5C6713351A48E35600C409F2 /* Connection.swift */,
				5C6713331A48E35100C409F2 /* Conekta.swift */,
				5C6713311A48E34600C409F2 /* Card.swift */,
				5C67130E1A48E2F000C409F2 /* ConektaExample */,
				5C6713241A48E2F000C409F2 /* ConektaExampleTests */,
				5C67130D1A48E2F000C409F2 /* Products */,
			);
			sourceTree = "<group>";
		};
		5C67130D1A48E2F000C409F2 /* Products */ = {
			isa = PBXGroup;
			children = (
				5C67130C1A48E2F000C409F2 /* ConektaExample.app */,
				5C6713211A48E2F000C409F2 /* ConektaExampleTests.xctest */,
			);
			name = Products;
			sourceTree = "<group>";
		};
		5C67130E1A48E2F000C409F2 /* ConektaExample */ = {
			isa = PBXGroup;
			children = (
				5C6713111A48E2F000C409F2 /* AppDelegate.swift */,
				5C6713131A48E2F000C409F2 /* ViewController.swift */,
				5C6713151A48E2F000C409F2 /* Main.storyboard */,
				5C6713181A48E2F000C409F2 /* Images.xcassets */,
				5C67131A1A48E2F000C409F2 /* LaunchScreen.xib */,
				5C67130F1A48E2F000C409F2 /* Supporting Files */,
			);
			path = ConektaExample;
			sourceTree = "<group>";
		};
		5C67130F1A48E2F000C409F2 /* Supporting Files */ = {
			isa = PBXGroup;
			children = (
				5C6713101A48E2F000C409F2 /* Info.plist */,
			);
			name = "Supporting Files";
			sourceTree = "<group>";
		};
		5C6713241A48E2F000C409F2 /* ConektaExampleTests */ = {
			isa = PBXGroup;
			children = (
				5C6713271A48E2F000C409F2 /* ConektaExampleTests.swift */,
				5C6713251A48E2F000C409F2 /* Supporting Files */,
			);
			path = ConektaExampleTests;
			sourceTree = "<group>";
		};
		5C6713251A48E2F000C409F2 /* Supporting Files */ = {
			isa = PBXGroup;
			children = (
				5C6713261A48E2F000C409F2 /* Info.plist */,
			);
			name = "Supporting Files";
			sourceTree = "<group>";
		};
/* End PBXGroup section */

/* Begin PBXNativeTarget section */
		5C67130B1A48E2F000C409F2 /* ConektaExample */ = {
			isa = PBXNativeTarget;
			buildConfigurationList = 5C67132B1A48E2F000C409F2 /* Build configuration list for PBXNativeTarget "ConektaExample" */;
			buildPhases = (
				5C6713081A48E2F000C409F2 /* Sources */,
				5C6713091A48E2F000C409F2 /* Frameworks */,
				5C67130A1A48E2F000C409F2 /* Resources */,
			);
			buildRules = (
			);
			dependencies = (
			);
			name = ConektaExample;
			productName = ConektaExample;
			productReference = 5C67130C1A48E2F000C409F2 /* ConektaExample.app */;
			productType = "com.apple.product-type.application";
		};
		5C6713201A48E2F000C409F2 /* ConektaExampleTests */ = {
			isa = PBXNativeTarget;
			buildConfigurationList = 5C67132E1A48E2F000C409F2 /* Build configuration list for PBXNativeTarget "ConektaExampleTests" */;
			buildPhases = (
				5C67131D1A48E2F000C409F2 /* Sources */,
				5C67131E1A48E2F000C409F2 /* Frameworks */,
				5C67131F1A48E2F000C409F2 /* Resources */,
			);
			buildRules = (
			);
			dependencies = (
				5C6713231A48E2F000C409F2 /* PBXTargetDependency */,
			);
			name = ConektaExampleTests;
			productName = ConektaExampleTests;
			productReference = 5C6713211A48E2F000C409F2 /* ConektaExampleTests.xctest */;
			productType = "com.apple.product-type.bundle.unit-test";
		};
/* End PBXNativeTarget section */

/* Begin PBXProject section */
		5C6713041A48E2F000C409F2 /* Project object */ = {
			isa = PBXProject;
			attributes = {
				LastUpgradeCheck = 0610;
				ORGANIZATIONNAME = Conekta.io;
				TargetAttributes = {
					5C67130B1A48E2F000C409F2 = {
						CreatedOnToolsVersion = 6.1.1;
					};
					5C6713201A48E2F000C409F2 = {
						CreatedOnToolsVersion = 6.1.1;
						TestTargetID = 5C67130B1A48E2F000C409F2;
					};
				};
			};
			buildConfigurationList = 5C6713071A48E2F000C409F2 /* Build configuration list for PBXProject "ConektaExample" */;
			compatibilityVersion = "Xcode 3.2";
			developmentRegion = English;
			hasScannedForEncodings = 0;
			knownRegions = (
				en,
				Base,
			);
			mainGroup = 5C6713031A48E2F000C409F2;
			productRefGroup = 5C67130D1A48E2F000C409F2 /* Products */;
			projectDirPath = "";
			projectRoot = "";
			targets = (
				5C67130B1A48E2F000C409F2 /* ConektaExample */,
				5C6713201A48E2F000C409F2 /* ConektaExampleTests */,
			);
		};
/* End PBXProject section */

/* Begin PBXResourcesBuildPhase section */
		5C67130A1A48E2F000C409F2 /* Resources */ = {
			isa = PBXResourcesBuildPhase;
			buildActionMask = 2147483647;
			files = (
				5C6713171A48E2F000C409F2 /* Main.storyboard in Resources */,
				5C67131C1A48E2F000C409F2 /* LaunchScreen.xib in Resources */,
				5C6713191A48E2F000C409F2 /* Images.xcassets in Resources */,
			);
			runOnlyForDeploymentPostprocessing = 0;
		};
		5C67131F1A48E2F000C409F2 /* Resources */ = {
			isa = PBXResourcesBuildPhase;
			buildActionMask = 2147483647;
			files = (
			);
			runOnlyForDeploymentPostprocessing = 0;
		};
/* End PBXResourcesBuildPhase section */

/* Begin PBXSourcesBuildPhase section */
		5C6713081A48E2F000C409F2 /* Sources */ = {
			isa = PBXSourcesBuildPhase;
			buildActionMask = 2147483647;
			files = (
				5C6713141A48E2F000C409F2 /* ViewController.swift in Sources */,
				5C6713341A48E35100C409F2 /* Conekta.swift in Sources */,
				5C6713361A48E35600C409F2 /* Connection.swift in Sources */,
				5C6713381A49201600C409F2 /* Token.swift in Sources */,
				5C6713321A48E34600C409F2 /* Card.swift in Sources */,
				5C6713121A48E2F000C409F2 /* AppDelegate.swift in Sources */,
			);
			runOnlyForDeploymentPostprocessing = 0;
		};
		5C67131D1A48E2F000C409F2 /* Sources */ = {
			isa = PBXSourcesBuildPhase;
			buildActionMask = 2147483647;
			files = (
				5C6713281A48E2F000C409F2 /* ConektaExampleTests.swift in Sources */,
			);
			runOnlyForDeploymentPostprocessing = 0;
		};
/* End PBXSourcesBuildPhase section */

/* Begin PBXTargetDependency section */
		5C6713231A48E2F000C409F2 /* PBXTargetDependency */ = {
			isa = PBXTargetDependency;
			target = 5C67130B1A48E2F000C409F2 /* ConektaExample */;
			targetProxy = 5C6713221A48E2F000C409F2 /* PBXContainerItemProxy */;
		};
/* End PBXTargetDependency section */

/* Begin PBXVariantGroup section */
		5C6713151A48E2F000C409F2 /* Main.storyboard */ = {
			isa = PBXVariantGroup;
			children = (
				5C6713161A48E2F000C409F2 /* Base */,
			);
			name = Main.storyboard;
			sourceTree = "<group>";
		};
		5C67131A1A48E2F000C409F2 /* LaunchScreen.xib */ = {
			isa = PBXVariantGroup;
			children = (
				5C67131B1A48E2F000C409F2 /* Base */,
			);
			name = LaunchScreen.xib;
			sourceTree = "<group>";
		};
/* End PBXVariantGroup section */

/* Begin XCBuildConfiguration section */
		5C6713291A48E2F000C409F2 /* Debug */ = {
			isa = XCBuildConfiguration;
			buildSettings = {
				ALWAYS_SEARCH_USER_PATHS = NO;
				CLANG_CXX_LANGUAGE_STANDARD = "gnu++0x";
				CLANG_CXX_LIBRARY = "libc++";
				CLANG_ENABLE_MODULES = YES;
				CLANG_ENABLE_OBJC_ARC = YES;
				CLANG_WARN_BOOL_CONVERSION = YES;
				CLANG_WARN_CONSTANT_CONVERSION = YES;
				CLANG_WARN_DIRECT_OBJC_ISA_USAGE = YES_ERROR;
				CLANG_WARN_EMPTY_BODY = YES;
				CLANG_WARN_ENUM_CONVERSION = YES;
				CLANG_WARN_INT_CONVERSION = YES;
				CLANG_WARN_OBJC_ROOT_CLASS = YES_ERROR;
				CLANG_WARN_UNREACHABLE_CODE = YES;
				CLANG_WARN__DUPLICATE_METHOD_MATCH = YES;
				"CODE_SIGN_IDENTITY[sdk=iphoneos*]" = "iPhone Developer";
				COPY_PHASE_STRIP = NO;
				ENABLE_STRICT_OBJC_MSGSEND = YES;
				GCC_C_LANGUAGE_STANDARD = gnu99;
				GCC_DYNAMIC_NO_PIC = NO;
				GCC_OPTIMIZATION_LEVEL = 0;
				GCC_PREPROCESSOR_DEFINITIONS = (
					"DEBUG=1",
					"$(inherited)",
				);
				GCC_SYMBOLS_PRIVATE_EXTERN = NO;
				GCC_WARN_64_TO_32_BIT_CONVERSION = YES;
				GCC_WARN_ABOUT_RETURN_TYPE = YES_ERROR;
				GCC_WARN_UNDECLARED_SELECTOR = YES;
				GCC_WARN_UNINITIALIZED_AUTOS = YES_AGGRESSIVE;
				GCC_WARN_UNUSED_FUNCTION = YES;
				GCC_WARN_UNUSED_VARIABLE = YES;
				IPHONEOS_DEPLOYMENT_TARGET = 8.1;
				MTL_ENABLE_DEBUG_INFO = YES;
				ONLY_ACTIVE_ARCH = YES;
				SDKROOT = iphoneos;
				SWIFT_OPTIMIZATION_LEVEL = "-Onone";
			};
			name = Debug;
		};
		5C67132A1A48E2F000C409F2 /* Release */ = {
			isa = XCBuildConfiguration;
			buildSettings = {
				ALWAYS_SEARCH_USER_PATHS = NO;
				CLANG_CXX_LANGUAGE_STANDARD = "gnu++0x";
				CLANG_CXX_LIBRARY = "libc++";
				CLANG_ENABLE_MODULES = YES;
				CLANG_ENABLE_OBJC_ARC = YES;
				CLANG_WARN_BOOL_CONVERSION = YES;
				CLANG_WARN_CONSTANT_CONVERSION = YES;
				CLANG_WARN_DIRECT_OBJC_ISA_USAGE = YES_ERROR;
				CLANG_WARN_EMPTY_BODY = YES;
				CLANG_WARN_ENUM_CONVERSION = YES;
				CLANG_WARN_INT_CONVERSION = YES;
				CLANG_WARN_OBJC_ROOT_CLASS = YES_ERROR;
				CLANG_WARN_UNREACHABLE_CODE = YES;
				CLANG_WARN__DUPLICATE_METHOD_MATCH = YES;
				"CODE_SIGN_IDENTITY[sdk=iphoneos*]" = "iPhone Developer";
				COPY_PHASE_STRIP = YES;
				ENABLE_NS_ASSERTIONS = NO;
				ENABLE_STRICT_OBJC_MSGSEND = YES;
				GCC_C_LANGUAGE_STANDARD = gnu99;
				GCC_WARN_64_TO_32_BIT_CONVERSION = YES;
				GCC_WARN_ABOUT_RETURN_TYPE = YES_ERROR;
				GCC_WARN_UNDECLARED_SELECTOR = YES;
				GCC_WARN_UNINITIALIZED_AUTOS = YES_AGGRESSIVE;
				GCC_WARN_UNUSED_FUNCTION = YES;
				GCC_WARN_UNUSED_VARIABLE = YES;
				IPHONEOS_DEPLOYMENT_TARGET = 8.1;
				MTL_ENABLE_DEBUG_INFO = NO;
				SDKROOT = iphoneos;
				VALIDATE_PRODUCT = YES;
			};
			name = Release;
		};
		5C67132C1A48E2F000C409F2 /* Debug */ = {
			isa = XCBuildConfiguration;
			buildSettings = {
				ASSETCATALOG_COMPILER_APPICON_NAME = AppIcon;
				INFOPLIST_FILE = ConektaExample/Info.plist;
				LD_RUNPATH_SEARCH_PATHS = "$(inherited) @executable_path/Frameworks";
				PRODUCT_NAME = "$(TARGET_NAME)";
			};
			name = Debug;
		};
		5C67132D1A48E2F000C409F2 /* Release */ = {
			isa = XCBuildConfiguration;
			buildSettings = {
				ASSETCATALOG_COMPILER_APPICON_NAME = AppIcon;
				INFOPLIST_FILE = ConektaExample/Info.plist;
				LD_RUNPATH_SEARCH_PATHS = "$(inherited) @executable_path/Frameworks";
				PRODUCT_NAME = "$(TARGET_NAME)";
			};
			name = Release;
		};
		5C67132F1A48E2F000C409F2 /* Debug */ = {
			isa = XCBuildConfiguration;
			buildSettings = {
				BUNDLE_LOADER = "$(TEST_HOST)";
				FRAMEWORK_SEARCH_PATHS = (
					"$(SDKROOT)/Developer/Library/Frameworks",
					"$(inherited)",
				);
				GCC_PREPROCESSOR_DEFINITIONS = (
					"DEBUG=1",
					"$(inherited)",
				);
				INFOPLIST_FILE = ConektaExampleTests/Info.plist;
				LD_RUNPATH_SEARCH_PATHS = "$(inherited) @executable_path/Frameworks @loader_path/Frameworks";
				PRODUCT_NAME = "$(TARGET_NAME)";
				TEST_HOST = "$(BUILT_PRODUCTS_DIR)/ConektaExample.app/ConektaExample";
			};
			name = Debug;
		};
		5C6713301A48E2F000C409F2 /* Release */ = {
			isa = XCBuildConfiguration;
			buildSettings = {
				BUNDLE_LOADER = "$(TEST_HOST)";
				FRAMEWORK_SEARCH_PATHS = (
					"$(SDKROOT)/Developer/Library/Frameworks",
					"$(inherited)",
				);
				INFOPLIST_FILE = ConektaExampleTests/Info.plist;
				LD_RUNPATH_SEARCH_PATHS = "$(inherited) @executable_path/Frameworks @loader_path/Frameworks";
				PRODUCT_NAME = "$(TARGET_NAME)";
				TEST_HOST = "$(BUILT_PRODUCTS_DIR)/ConektaExample.app/ConektaExample";
			};
			name = Release;
		};
/* End XCBuildConfiguration section */

/* Begin XCConfigurationList section */
		5C6713071A48E2F000C409F2 /* Build configuration list for PBXProject "ConektaExample" */ = {
			isa = XCConfigurationList;
			buildConfigurations = (
				5C6713291A48E2F000C409F2 /* Debug */,
				5C67132A1A48E2F000C409F2 /* Release */,
			);
			defaultConfigurationIsVisible = 0;
			defaultConfigurationName = Release;
		};
		5C67132B1A48E2F000C409F2 /* Build configuration list for PBXNativeTarget "ConektaExample" */ = {
			isa = XCConfigurationList;
			buildConfigurations = (
				5C67132C1A48E2F000C409F2 /* Debug */,
				5C67132D1A48E2F000C409F2 /* Release */,
			);
			defaultConfigurationIsVisible = 0;
			defaultConfigurationName = Release;
		};
		5C67132E1A48E2F000C409F2 /* Build configuration list for PBXNativeTarget "ConektaExampleTests" */ = {
			isa = XCConfigurationList;
			buildConfigurations = (
				5C67132F1A48E2F000C409F2 /* Debug */,
				5C6713301A48E2F000C409F2 /* Release */,
			);
			defaultConfigurationIsVisible = 0;
			defaultConfigurationName = Release;
		};
/* End XCConfigurationList section */
	};
	rootObject = 5C6713041A48E2F000C409F2 /* Project object */;
}
