// !$*UTF8*$!
{
	archiveVersion = 1;
	classes = {
	};
	objectVersion = 46;
	objects = {

/* Begin PBXBuildFile section */
		A7010C351BD583FA002FC7C1 /* main.m in Sources */ = {isa = PBXBuildFile; fileRef = A7010C341BD583FA002FC7C1 /* main.m */; };
		A7010C381BD583FA002FC7C1 /* AppDelegate.m in Sources */ = {isa = PBXBuildFile; fileRef = A7010C371BD583FA002FC7C1 /* AppDelegate.m */; };
		A7010C3B1BD583FA002FC7C1 /* ViewController.m in Sources */ = {isa = PBXBuildFile; fileRef = A7010C3A1BD583FA002FC7C1 /* ViewController.m */; };
		A7010C3E1BD583FA002FC7C1 /* Main.storyboard in Resources */ = {isa = PBXBuildFile; fileRef = A7010C3C1BD583FA002FC7C1 /* Main.storyboard */; };
		A7010C401BD583FA002FC7C1 /* Assets.xcassets in Resources */ = {isa = PBXBuildFile; fileRef = A7010C3F1BD583FA002FC7C1 /* Assets.xcassets */; };
		A7010C431BD583FA002FC7C1 /* LaunchScreen.storyboard in Resources */ = {isa = PBXBuildFile; fileRef = A7010C411BD583FA002FC7C1 /* LaunchScreen.storyboard */; };
		A7010C4E1BD583FA002FC7C1 /* ConektaCardToken_ObjectiveCTests.m in Sources */ = {isa = PBXBuildFile; fileRef = A7010C4D1BD583FA002FC7C1 /* ConektaCardToken_ObjectiveCTests.m */; };
		A7010C591BD583FA002FC7C1 /* ConektaCardToken_ObjectiveCUITests.m in Sources */ = {isa = PBXBuildFile; fileRef = A7010C581BD583FA002FC7C1 /* ConektaCardToken_ObjectiveCUITests.m */; };
		A7010C711BD58472002FC7C1 /* Conekta.m in Sources */ = {isa = PBXBuildFile; fileRef = A7010C671BD58472002FC7C1 /* Conekta.m */; };
		A7010C721BD58472002FC7C1 /* Connection.m in Sources */ = {isa = PBXBuildFile; fileRef = A7010C681BD58472002FC7C1 /* Connection.m */; };
		A7010C731BD58472002FC7C1 /* Token.m in Sources */ = {isa = PBXBuildFile; fileRef = A7010C6B1BD58472002FC7C1 /* Token.m */; };
		A7010C741BD58472002FC7C1 /* Card.m in Sources */ = {isa = PBXBuildFile; fileRef = A7010C6C1BD58472002FC7C1 /* Card.m */; };
/* End PBXBuildFile section */

/* Begin PBXContainerItemProxy section */
		A7010C4A1BD583FA002FC7C1 /* PBXContainerItemProxy */ = {
			isa = PBXContainerItemProxy;
			containerPortal = A7010C281BD583FA002FC7C1 /* Project object */;
			proxyType = 1;
			remoteGlobalIDString = A7010C2F1BD583FA002FC7C1;
			remoteInfo = "ConektaCardToken-ObjectiveC";
		};
		A7010C551BD583FA002FC7C1 /* PBXContainerItemProxy */ = {
			isa = PBXContainerItemProxy;
			containerPortal = A7010C281BD583FA002FC7C1 /* Project object */;
			proxyType = 1;
			remoteGlobalIDString = A7010C2F1BD583FA002FC7C1;
			remoteInfo = "ConektaCardToken-ObjectiveC";
		};
/* End PBXContainerItemProxy section */

/* Begin PBXFileReference section */
		A7010C301BD583FA002FC7C1 /* ConektaCardToken-ObjectiveC.app */ = {isa = PBXFileReference; explicitFileType = wrapper.application; includeInIndex = 0; path = "ConektaCardToken-ObjectiveC.app"; sourceTree = BUILT_PRODUCTS_DIR; };
		A7010C341BD583FA002FC7C1 /* main.m */ = {isa = PBXFileReference; lastKnownFileType = sourcecode.c.objc; path = main.m; sourceTree = "<group>"; };
		A7010C361BD583FA002FC7C1 /* AppDelegate.h */ = {isa = PBXFileReference; lastKnownFileType = sourcecode.c.h; path = AppDelegate.h; sourceTree = "<group>"; };
		A7010C371BD583FA002FC7C1 /* AppDelegate.m */ = {isa = PBXFileReference; lastKnownFileType = sourcecode.c.objc; path = AppDelegate.m; sourceTree = "<group>"; };
		A7010C391BD583FA002FC7C1 /* ViewController.h */ = {isa = PBXFileReference; lastKnownFileType = sourcecode.c.h; path = ViewController.h; sourceTree = "<group>"; };
		A7010C3A1BD583FA002FC7C1 /* ViewController.m */ = {isa = PBXFileReference; lastKnownFileType = sourcecode.c.objc; path = ViewController.m; sourceTree = "<group>"; };
		A7010C3D1BD583FA002FC7C1 /* Base */ = {isa = PBXFileReference; lastKnownFileType = file.storyboard; name = Base; path = Base.lproj/Main.storyboard; sourceTree = "<group>"; };
		A7010C3F1BD583FA002FC7C1 /* Assets.xcassets */ = {isa = PBXFileReference; lastKnownFileType = folder.assetcatalog; path = Assets.xcassets; sourceTree = "<group>"; };
		A7010C421BD583FA002FC7C1 /* Base */ = {isa = PBXFileReference; lastKnownFileType = file.storyboard; name = Base; path = Base.lproj/LaunchScreen.storyboard; sourceTree = "<group>"; };
		A7010C441BD583FA002FC7C1 /* Info.plist */ = {isa = PBXFileReference; lastKnownFileType = text.plist.xml; path = Info.plist; sourceTree = "<group>"; };
		A7010C491BD583FA002FC7C1 /* ConektaCardToken-ObjectiveCTests.xctest */ = {isa = PBXFileReference; explicitFileType = wrapper.cfbundle; includeInIndex = 0; path = "ConektaCardToken-ObjectiveCTests.xctest"; sourceTree = BUILT_PRODUCTS_DIR; };
		A7010C4D1BD583FA002FC7C1 /* ConektaCardToken_ObjectiveCTests.m */ = {isa = PBXFileReference; lastKnownFileType = sourcecode.c.objc; path = ConektaCardToken_ObjectiveCTests.m; sourceTree = "<group>"; };
		A7010C4F1BD583FA002FC7C1 /* Info.plist */ = {isa = PBXFileReference; lastKnownFileType = text.plist.xml; path = Info.plist; sourceTree = "<group>"; };
		A7010C541BD583FA002FC7C1 /* ConektaCardToken-ObjectiveCUITests.xctest */ = {isa = PBXFileReference; explicitFileType = wrapper.cfbundle; includeInIndex = 0; path = "ConektaCardToken-ObjectiveCUITests.xctest"; sourceTree = BUILT_PRODUCTS_DIR; };
		A7010C581BD583FA002FC7C1 /* ConektaCardToken_ObjectiveCUITests.m */ = {isa = PBXFileReference; lastKnownFileType = sourcecode.c.objc; path = ConektaCardToken_ObjectiveCUITests.m; sourceTree = "<group>"; };
		A7010C5A1BD583FA002FC7C1 /* Info.plist */ = {isa = PBXFileReference; lastKnownFileType = text.plist.xml; path = Info.plist; sourceTree = "<group>"; };
		A7010C671BD58472002FC7C1 /* Conekta.m */ = {isa = PBXFileReference; fileEncoding = 4; lastKnownFileType = sourcecode.c.objc; name = Conekta.m; path = Conekta/Conekta.m; sourceTree = "<group>"; };
		A7010C681BD58472002FC7C1 /* Connection.m */ = {isa = PBXFileReference; fileEncoding = 4; lastKnownFileType = sourcecode.c.objc; name = Connection.m; path = Conekta/Connection.m; sourceTree = "<group>"; };
		A7010C691BD58472002FC7C1 /* Card.h */ = {isa = PBXFileReference; fileEncoding = 4; lastKnownFileType = sourcecode.c.h; name = Card.h; path = Conekta/Card.h; sourceTree = "<group>"; };
		A7010C6A1BD58472002FC7C1 /* Token.h */ = {isa = PBXFileReference; fileEncoding = 4; lastKnownFileType = sourcecode.c.h; name = Token.h; path = Conekta/Token.h; sourceTree = "<group>"; };
		A7010C6B1BD58472002FC7C1 /* Token.m */ = {isa = PBXFileReference; fileEncoding = 4; lastKnownFileType = sourcecode.c.objc; name = Token.m; path = Conekta/Token.m; sourceTree = "<group>"; };
		A7010C6C1BD58472002FC7C1 /* Card.m */ = {isa = PBXFileReference; fileEncoding = 4; lastKnownFileType = sourcecode.c.objc; name = Card.m; path = Conekta/Card.m; sourceTree = "<group>"; };
		A7010C6D1BD58472002FC7C1 /* Connection.h */ = {isa = PBXFileReference; fileEncoding = 4; lastKnownFileType = sourcecode.c.h; name = Connection.h; path = Conekta/Connection.h; sourceTree = "<group>"; };
		A7010C6E1BD58472002FC7C1 /* Conekta.h */ = {isa = PBXFileReference; fileEncoding = 4; lastKnownFileType = sourcecode.c.h; name = Conekta.h; path = Conekta/Conekta.h; sourceTree = "<group>"; };
/* End PBXFileReference section */

/* Begin PBXFrameworksBuildPhase section */
		A7010C2D1BD583FA002FC7C1 /* Frameworks */ = {
			isa = PBXFrameworksBuildPhase;
			buildActionMask = 2147483647;
			files = (
			);
			runOnlyForDeploymentPostprocessing = 0;
		};
		A7010C461BD583FA002FC7C1 /* Frameworks */ = {
			isa = PBXFrameworksBuildPhase;
			buildActionMask = 2147483647;
			files = (
			);
			runOnlyForDeploymentPostprocessing = 0;
		};
		A7010C511BD583FA002FC7C1 /* Frameworks */ = {
			isa = PBXFrameworksBuildPhase;
			buildActionMask = 2147483647;
			files = (
			);
			runOnlyForDeploymentPostprocessing = 0;
		};
/* End PBXFrameworksBuildPhase section */

/* Begin PBXGroup section */
		A7010C271BD583FA002FC7C1 = {
			isa = PBXGroup;
			children = (
				A7010C661BD5845F002FC7C1 /* Conekta */,
				A7010C321BD583FA002FC7C1 /* ConektaCardToken-ObjectiveC */,
				A7010C4C1BD583FA002FC7C1 /* ConektaCardToken-ObjectiveCTests */,
				A7010C571BD583FA002FC7C1 /* ConektaCardToken-ObjectiveCUITests */,
				A7010C311BD583FA002FC7C1 /* Products */,
			);
			sourceTree = "<group>";
		};
		A7010C311BD583FA002FC7C1 /* Products */ = {
			isa = PBXGroup;
			children = (
				A7010C301BD583FA002FC7C1 /* ConektaCardToken-ObjectiveC.app */,
				A7010C491BD583FA002FC7C1 /* ConektaCardToken-ObjectiveCTests.xctest */,
				A7010C541BD583FA002FC7C1 /* ConektaCardToken-ObjectiveCUITests.xctest */,
			);
			name = Products;
			sourceTree = "<group>";
		};
		A7010C321BD583FA002FC7C1 /* ConektaCardToken-ObjectiveC */ = {
			isa = PBXGroup;
			children = (
				A7010C361BD583FA002FC7C1 /* AppDelegate.h */,
				A7010C371BD583FA002FC7C1 /* AppDelegate.m */,
				A7010C391BD583FA002FC7C1 /* ViewController.h */,
				A7010C3A1BD583FA002FC7C1 /* ViewController.m */,
				A7010C3C1BD583FA002FC7C1 /* Main.storyboard */,
				A7010C3F1BD583FA002FC7C1 /* Assets.xcassets */,
				A7010C411BD583FA002FC7C1 /* LaunchScreen.storyboard */,
				A7010C441BD583FA002FC7C1 /* Info.plist */,
				A7010C331BD583FA002FC7C1 /* Supporting Files */,
			);
			path = "ConektaCardToken-ObjectiveC";
			sourceTree = "<group>";
		};
		A7010C331BD583FA002FC7C1 /* Supporting Files */ = {
			isa = PBXGroup;
			children = (
				A7010C341BD583FA002FC7C1 /* main.m */,
			);
			name = "Supporting Files";
			sourceTree = "<group>";
		};
		A7010C4C1BD583FA002FC7C1 /* ConektaCardToken-ObjectiveCTests */ = {
			isa = PBXGroup;
			children = (
				A7010C4D1BD583FA002FC7C1 /* ConektaCardToken_ObjectiveCTests.m */,
				A7010C4F1BD583FA002FC7C1 /* Info.plist */,
			);
			path = "ConektaCardToken-ObjectiveCTests";
			sourceTree = "<group>";
		};
		A7010C571BD583FA002FC7C1 /* ConektaCardToken-ObjectiveCUITests */ = {
			isa = PBXGroup;
			children = (
				A7010C581BD583FA002FC7C1 /* ConektaCardToken_ObjectiveCUITests.m */,
				A7010C5A1BD583FA002FC7C1 /* Info.plist */,
			);
			path = "ConektaCardToken-ObjectiveCUITests";
			sourceTree = "<group>";
		};
		A7010C661BD5845F002FC7C1 /* Conekta */ = {
			isa = PBXGroup;
			children = (
				A7010C671BD58472002FC7C1 /* Conekta.m */,
				A7010C681BD58472002FC7C1 /* Connection.m */,
				A7010C691BD58472002FC7C1 /* Card.h */,
				A7010C6A1BD58472002FC7C1 /* Token.h */,
				A7010C6B1BD58472002FC7C1 /* Token.m */,
				A7010C6C1BD58472002FC7C1 /* Card.m */,
				A7010C6D1BD58472002FC7C1 /* Connection.h */,
				A7010C6E1BD58472002FC7C1 /* Conekta.h */,
			);
			name = Conekta;
			sourceTree = "<group>";
		};
/* End PBXGroup section */

/* Begin PBXNativeTarget section */
		A7010C2F1BD583FA002FC7C1 /* ConektaCardToken-ObjectiveC */ = {
			isa = PBXNativeTarget;
			buildConfigurationList = A7010C5D1BD583FA002FC7C1 /* Build configuration list for PBXNativeTarget "ConektaCardToken-ObjectiveC" */;
			buildPhases = (
				A7010C2C1BD583FA002FC7C1 /* Sources */,
				A7010C2D1BD583FA002FC7C1 /* Frameworks */,
				A7010C2E1BD583FA002FC7C1 /* Resources */,
			);
			buildRules = (
			);
			dependencies = (
			);
			name = "ConektaCardToken-ObjectiveC";
			productName = "ConektaCardToken-ObjectiveC";
			productReference = A7010C301BD583FA002FC7C1 /* ConektaCardToken-ObjectiveC.app */;
			productType = "com.apple.product-type.application";
		};
		A7010C481BD583FA002FC7C1 /* ConektaCardToken-ObjectiveCTests */ = {
			isa = PBXNativeTarget;
			buildConfigurationList = A7010C601BD583FA002FC7C1 /* Build configuration list for PBXNativeTarget "ConektaCardToken-ObjectiveCTests" */;
			buildPhases = (
				A7010C451BD583FA002FC7C1 /* Sources */,
				A7010C461BD583FA002FC7C1 /* Frameworks */,
				A7010C471BD583FA002FC7C1 /* Resources */,
			);
			buildRules = (
			);
			dependencies = (
				A7010C4B1BD583FA002FC7C1 /* PBXTargetDependency */,
			);
			name = "ConektaCardToken-ObjectiveCTests";
			productName = "ConektaCardToken-ObjectiveCTests";
			productReference = A7010C491BD583FA002FC7C1 /* ConektaCardToken-ObjectiveCTests.xctest */;
			productType = "com.apple.product-type.bundle.unit-test";
		};
		A7010C531BD583FA002FC7C1 /* ConektaCardToken-ObjectiveCUITests */ = {
			isa = PBXNativeTarget;
			buildConfigurationList = A7010C631BD583FA002FC7C1 /* Build configuration list for PBXNativeTarget "ConektaCardToken-ObjectiveCUITests" */;
			buildPhases = (
				A7010C501BD583FA002FC7C1 /* Sources */,
				A7010C511BD583FA002FC7C1 /* Frameworks */,
				A7010C521BD583FA002FC7C1 /* Resources */,
			);
			buildRules = (
			);
			dependencies = (
				A7010C561BD583FA002FC7C1 /* PBXTargetDependency */,
			);
			name = "ConektaCardToken-ObjectiveCUITests";
			productName = "ConektaCardToken-ObjectiveCUITests";
			productReference = A7010C541BD583FA002FC7C1 /* ConektaCardToken-ObjectiveCUITests.xctest */;
			productType = "com.apple.product-type.bundle.ui-testing";
		};
/* End PBXNativeTarget section */

/* Begin PBXProject section */
		A7010C281BD583FA002FC7C1 /* Project object */ = {
			isa = PBXProject;
			attributes = {
				LastUpgradeCheck = 0700;
				ORGANIZATIONNAME = Conekta;
				TargetAttributes = {
					A7010C2F1BD583FA002FC7C1 = {
						CreatedOnToolsVersion = 7.0.1;
						DevelopmentTeam = 3C6QZ8FN6B;
					};
					A7010C481BD583FA002FC7C1 = {
						CreatedOnToolsVersion = 7.0.1;
						DevelopmentTeam = 3C6QZ8FN6B;
						TestTargetID = A7010C2F1BD583FA002FC7C1;
					};
					A7010C531BD583FA002FC7C1 = {
						CreatedOnToolsVersion = 7.0.1;
						DevelopmentTeam = 3C6QZ8FN6B;
						TestTargetID = A7010C2F1BD583FA002FC7C1;
					};
				};
			};
			buildConfigurationList = A7010C2B1BD583FA002FC7C1 /* Build configuration list for PBXProject "ConektaCardToken-ObjectiveC" */;
			compatibilityVersion = "Xcode 3.2";
			developmentRegion = English;
			hasScannedForEncodings = 0;
			knownRegions = (
				en,
				Base,
			);
			mainGroup = A7010C271BD583FA002FC7C1;
			productRefGroup = A7010C311BD583FA002FC7C1 /* Products */;
			projectDirPath = "";
			projectRoot = "";
			targets = (
				A7010C2F1BD583FA002FC7C1 /* ConektaCardToken-ObjectiveC */,
				A7010C481BD583FA002FC7C1 /* ConektaCardToken-ObjectiveCTests */,
				A7010C531BD583FA002FC7C1 /* ConektaCardToken-ObjectiveCUITests */,
			);
		};
/* End PBXProject section */

/* Begin PBXResourcesBuildPhase section */
		A7010C2E1BD583FA002FC7C1 /* Resources */ = {
			isa = PBXResourcesBuildPhase;
			buildActionMask = 2147483647;
			files = (
				A7010C431BD583FA002FC7C1 /* LaunchScreen.storyboard in Resources */,
				A7010C401BD583FA002FC7C1 /* Assets.xcassets in Resources */,
				A7010C3E1BD583FA002FC7C1 /* Main.storyboard in Resources */,
			);
			runOnlyForDeploymentPostprocessing = 0;
		};
		A7010C471BD583FA002FC7C1 /* Resources */ = {
			isa = PBXResourcesBuildPhase;
			buildActionMask = 2147483647;
			files = (
			);
			runOnlyForDeploymentPostprocessing = 0;
		};
		A7010C521BD583FA002FC7C1 /* Resources */ = {
			isa = PBXResourcesBuildPhase;
			buildActionMask = 2147483647;
			files = (
			);
			runOnlyForDeploymentPostprocessing = 0;
		};
/* End PBXResourcesBuildPhase section */

/* Begin PBXSourcesBuildPhase section */
		A7010C2C1BD583FA002FC7C1 /* Sources */ = {
			isa = PBXSourcesBuildPhase;
			buildActionMask = 2147483647;
			files = (
				A7010C3B1BD583FA002FC7C1 /* ViewController.m in Sources */,
				A7010C711BD58472002FC7C1 /* Conekta.m in Sources */,
				A7010C381BD583FA002FC7C1 /* AppDelegate.m in Sources */,
				A7010C731BD58472002FC7C1 /* Token.m in Sources */,
				A7010C351BD583FA002FC7C1 /* main.m in Sources */,
				A7010C741BD58472002FC7C1 /* Card.m in Sources */,
				A7010C721BD58472002FC7C1 /* Connection.m in Sources */,
			);
			runOnlyForDeploymentPostprocessing = 0;
		};
		A7010C451BD583FA002FC7C1 /* Sources */ = {
			isa = PBXSourcesBuildPhase;
			buildActionMask = 2147483647;
			files = (
				A7010C4E1BD583FA002FC7C1 /* ConektaCardToken_ObjectiveCTests.m in Sources */,
			);
			runOnlyForDeploymentPostprocessing = 0;
		};
		A7010C501BD583FA002FC7C1 /* Sources */ = {
			isa = PBXSourcesBuildPhase;
			buildActionMask = 2147483647;
			files = (
				A7010C591BD583FA002FC7C1 /* ConektaCardToken_ObjectiveCUITests.m in Sources */,
			);
			runOnlyForDeploymentPostprocessing = 0;
		};
/* End PBXSourcesBuildPhase section */

/* Begin PBXTargetDependency section */
		A7010C4B1BD583FA002FC7C1 /* PBXTargetDependency */ = {
			isa = PBXTargetDependency;
			target = A7010C2F1BD583FA002FC7C1 /* ConektaCardToken-ObjectiveC */;
			targetProxy = A7010C4A1BD583FA002FC7C1 /* PBXContainerItemProxy */;
		};
		A7010C561BD583FA002FC7C1 /* PBXTargetDependency */ = {
			isa = PBXTargetDependency;
			target = A7010C2F1BD583FA002FC7C1 /* ConektaCardToken-ObjectiveC */;
			targetProxy = A7010C551BD583FA002FC7C1 /* PBXContainerItemProxy */;
		};
/* End PBXTargetDependency section */

/* Begin PBXVariantGroup section */
		A7010C3C1BD583FA002FC7C1 /* Main.storyboard */ = {
			isa = PBXVariantGroup;
			children = (
				A7010C3D1BD583FA002FC7C1 /* Base */,
			);
			name = Main.storyboard;
			sourceTree = "<group>";
		};
		A7010C411BD583FA002FC7C1 /* LaunchScreen.storyboard */ = {
			isa = PBXVariantGroup;
			children = (
				A7010C421BD583FA002FC7C1 /* Base */,
			);
			name = LaunchScreen.storyboard;
			sourceTree = "<group>";
		};
/* End PBXVariantGroup section */

/* Begin XCBuildConfiguration section */
		A7010C5B1BD583FA002FC7C1 /* Debug */ = {
			isa = XCBuildConfiguration;
			buildSettings = {
				ALWAYS_SEARCH_USER_PATHS = NO;
				CLANG_CXX_LANGUAGE_STANDARD = "gnu++0x";
				CLANG_CXX_LIBRARY = "libc++";
				CLANG_ENABLE_MODULES = YES;
				CLANG_ENABLE_OBJC_ARC = YES;
				CLANG_WARN_BOOL_CONVERSION = YES;
				CLANG_WARN_CONSTANT_CONVERSION = YES;
				CLANG_WARN_DIRECT_OBJC_ISA_USAGE = YES_ERROR;
				CLANG_WARN_EMPTY_BODY = YES;
				CLANG_WARN_ENUM_CONVERSION = YES;
				CLANG_WARN_INT_CONVERSION = YES;
				CLANG_WARN_OBJC_ROOT_CLASS = YES_ERROR;
				CLANG_WARN_UNREACHABLE_CODE = YES;
				CLANG_WARN__DUPLICATE_METHOD_MATCH = YES;
				"CODE_SIGN_IDENTITY[sdk=iphoneos*]" = "iPhone Developer";
				COPY_PHASE_STRIP = NO;
				DEBUG_INFORMATION_FORMAT = dwarf;
				ENABLE_STRICT_OBJC_MSGSEND = YES;
				ENABLE_TESTABILITY = YES;
				GCC_C_LANGUAGE_STANDARD = gnu99;
				GCC_DYNAMIC_NO_PIC = NO;
				GCC_NO_COMMON_BLOCKS = YES;
				GCC_OPTIMIZATION_LEVEL = 0;
				GCC_PREPROCESSOR_DEFINITIONS = (
					"DEBUG=1",
					"$(inherited)",
				);
				GCC_WARN_64_TO_32_BIT_CONVERSION = YES;
				GCC_WARN_ABOUT_RETURN_TYPE = YES_ERROR;
				GCC_WARN_UNDECLARED_SELECTOR = YES;
				GCC_WARN_UNINITIALIZED_AUTOS = YES_AGGRESSIVE;
				GCC_WARN_UNUSED_FUNCTION = YES;
				GCC_WARN_UNUSED_VARIABLE = YES;
				IPHONEOS_DEPLOYMENT_TARGET = 9.0;
				MTL_ENABLE_DEBUG_INFO = YES;
				ONLY_ACTIVE_ARCH = YES;
				SDKROOT = iphoneos;
				TARGETED_DEVICE_FAMILY = "1,2";
			};
			name = Debug;
		};
		A7010C5C1BD583FA002FC7C1 /* Release */ = {
			isa = XCBuildConfiguration;
			buildSettings = {
				ALWAYS_SEARCH_USER_PATHS = NO;
				CLANG_CXX_LANGUAGE_STANDARD = "gnu++0x";
				CLANG_CXX_LIBRARY = "libc++";
				CLANG_ENABLE_MODULES = YES;
				CLANG_ENABLE_OBJC_ARC = YES;
				CLANG_WARN_BOOL_CONVERSION = YES;
				CLANG_WARN_CONSTANT_CONVERSION = YES;
				CLANG_WARN_DIRECT_OBJC_ISA_USAGE = YES_ERROR;
				CLANG_WARN_EMPTY_BODY = YES;
				CLANG_WARN_ENUM_CONVERSION = YES;
				CLANG_WARN_INT_CONVERSION = YES;
				CLANG_WARN_OBJC_ROOT_CLASS = YES_ERROR;
				CLANG_WARN_UNREACHABLE_CODE = YES;
				CLANG_WARN__DUPLICATE_METHOD_MATCH = YES;
				"CODE_SIGN_IDENTITY[sdk=iphoneos*]" = "iPhone Developer";
				COPY_PHASE_STRIP = NO;
				DEBUG_INFORMATION_FORMAT = "dwarf-with-dsym";
				ENABLE_NS_ASSERTIONS = NO;
				ENABLE_STRICT_OBJC_MSGSEND = YES;
				GCC_C_LANGUAGE_STANDARD = gnu99;
				GCC_NO_COMMON_BLOCKS = YES;
				GCC_WARN_64_TO_32_BIT_CONVERSION = YES;
				GCC_WARN_ABOUT_RETURN_TYPE = YES_ERROR;
				GCC_WARN_UNDECLARED_SELECTOR = YES;
				GCC_WARN_UNINITIALIZED_AUTOS = YES_AGGRESSIVE;
				GCC_WARN_UNUSED_FUNCTION = YES;
				GCC_WARN_UNUSED_VARIABLE = YES;
				IPHONEOS_DEPLOYMENT_TARGET = 9.0;
				MTL_ENABLE_DEBUG_INFO = NO;
				SDKROOT = iphoneos;
				TARGETED_DEVICE_FAMILY = "1,2";
				VALIDATE_PRODUCT = YES;
			};
			name = Release;
		};
		A7010C5E1BD583FA002FC7C1 /* Debug */ = {
			isa = XCBuildConfiguration;
			buildSettings = {
				ASSETCATALOG_COMPILER_APPICON_NAME = AppIcon;
				INFOPLIST_FILE = "ConektaCardToken-ObjectiveC/Info.plist";
				LD_RUNPATH_SEARCH_PATHS = "$(inherited) @executable_path/Frameworks";
				LIBRARY_SEARCH_PATHS = (
					"$(inherited)",
					"$(PROJECT_DIR)/Conekta",
				);
				PRODUCT_BUNDLE_IDENTIFIER = "Conekta.ConektaCardToken-ObjectiveC";
				PRODUCT_NAME = "$(TARGET_NAME)";
			};
			name = Debug;
		};
		A7010C5F1BD583FA002FC7C1 /* Release */ = {
			isa = XCBuildConfiguration;
			buildSettings = {
				ASSETCATALOG_COMPILER_APPICON_NAME = AppIcon;
				INFOPLIST_FILE = "ConektaCardToken-ObjectiveC/Info.plist";
				LD_RUNPATH_SEARCH_PATHS = "$(inherited) @executable_path/Frameworks";
				LIBRARY_SEARCH_PATHS = (
					"$(inherited)",
					"$(PROJECT_DIR)/Conekta",
				);
				PRODUCT_BUNDLE_IDENTIFIER = "Conekta.ConektaCardToken-ObjectiveC";
				PRODUCT_NAME = "$(TARGET_NAME)";
			};
			name = Release;
		};
		A7010C611BD583FA002FC7C1 /* Debug */ = {
			isa = XCBuildConfiguration;
			buildSettings = {
				BUNDLE_LOADER = "$(TEST_HOST)";
				INFOPLIST_FILE = "ConektaCardToken-ObjectiveCTests/Info.plist";
				LD_RUNPATH_SEARCH_PATHS = "$(inherited) @executable_path/Frameworks @loader_path/Frameworks";
				PRODUCT_BUNDLE_IDENTIFIER = "Conekta.ConektaCardToken-ObjectiveCTests";
				PRODUCT_NAME = "$(TARGET_NAME)";
				TEST_HOST = "$(BUILT_PRODUCTS_DIR)/ConektaCardToken-ObjectiveC.app/ConektaCardToken-ObjectiveC";
			};
			name = Debug;
		};
		A7010C621BD583FA002FC7C1 /* Release */ = {
			isa = XCBuildConfiguration;
			buildSettings = {
				BUNDLE_LOADER = "$(TEST_HOST)";
				INFOPLIST_FILE = "ConektaCardToken-ObjectiveCTests/Info.plist";
				LD_RUNPATH_SEARCH_PATHS = "$(inherited) @executable_path/Frameworks @loader_path/Frameworks";
				PRODUCT_BUNDLE_IDENTIFIER = "Conekta.ConektaCardToken-ObjectiveCTests";
				PRODUCT_NAME = "$(TARGET_NAME)";
				TEST_HOST = "$(BUILT_PRODUCTS_DIR)/ConektaCardToken-ObjectiveC.app/ConektaCardToken-ObjectiveC";
			};
			name = Release;
		};
		A7010C641BD583FA002FC7C1 /* Debug */ = {
			isa = XCBuildConfiguration;
			buildSettings = {
				INFOPLIST_FILE = "ConektaCardToken-ObjectiveCUITests/Info.plist";
				LD_RUNPATH_SEARCH_PATHS = "$(inherited) @executable_path/Frameworks @loader_path/Frameworks";
				PRODUCT_BUNDLE_IDENTIFIER = "Conekta.ConektaCardToken-ObjectiveCUITests";
				PRODUCT_NAME = "$(TARGET_NAME)";
				TEST_TARGET_NAME = "ConektaCardToken-ObjectiveC";
				USES_XCTRUNNER = YES;
			};
			name = Debug;
		};
		A7010C651BD583FA002FC7C1 /* Release */ = {
			isa = XCBuildConfiguration;
			buildSettings = {
				INFOPLIST_FILE = "ConektaCardToken-ObjectiveCUITests/Info.plist";
				LD_RUNPATH_SEARCH_PATHS = "$(inherited) @executable_path/Frameworks @loader_path/Frameworks";
				PRODUCT_BUNDLE_IDENTIFIER = "Conekta.ConektaCardToken-ObjectiveCUITests";
				PRODUCT_NAME = "$(TARGET_NAME)";
				TEST_TARGET_NAME = "ConektaCardToken-ObjectiveC";
				USES_XCTRUNNER = YES;
			};
			name = Release;
		};
/* End XCBuildConfiguration section */

/* Begin XCConfigurationList section */
		A7010C2B1BD583FA002FC7C1 /* Build configuration list for PBXProject "ConektaCardToken-ObjectiveC" */ = {
			isa = XCConfigurationList;
			buildConfigurations = (
				A7010C5B1BD583FA002FC7C1 /* Debug */,
				A7010C5C1BD583FA002FC7C1 /* Release */,
			);
			defaultConfigurationIsVisible = 0;
			defaultConfigurationName = Release;
		};
		A7010C5D1BD583FA002FC7C1 /* Build configuration list for PBXNativeTarget "ConektaCardToken-ObjectiveC" */ = {
			isa = XCConfigurationList;
			buildConfigurations = (
				A7010C5E1BD583FA002FC7C1 /* Debug */,
				A7010C5F1BD583FA002FC7C1 /* Release */,
			);
			defaultConfigurationIsVisible = 0;
			defaultConfigurationName = Release;
		};
		A7010C601BD583FA002FC7C1 /* Build configuration list for PBXNativeTarget "ConektaCardToken-ObjectiveCTests" */ = {
			isa = XCConfigurationList;
			buildConfigurations = (
				A7010C611BD583FA002FC7C1 /* Debug */,
				A7010C621BD583FA002FC7C1 /* Release */,
			);
			defaultConfigurationIsVisible = 0;
			defaultConfigurationName = Release;
		};
		A7010C631BD583FA002FC7C1 /* Build configuration list for PBXNativeTarget "ConektaCardToken-ObjectiveCUITests" */ = {
			isa = XCConfigurationList;
			buildConfigurations = (
				A7010C641BD583FA002FC7C1 /* Debug */,
				A7010C651BD583FA002FC7C1 /* Release */,
			);
			defaultConfigurationIsVisible = 0;
			defaultConfigurationName = Release;
		};
/* End XCConfigurationList section */
	};
	rootObject = A7010C281BD583FA002FC7C1 /* Project object */;
}
